
Microsoft Visual Studio Solution File, Format Version 12.00
# Visual Studio Version 17
VisualStudioVersion = 17.14.36203.30 d17.14
MinimumVisualStudioVersion = 10.0.40219.1
Project("{FAE04EC0-301F-11D3-BF4B-00C04F79EFBC}") = "ProductManagementProject", "ProductManagementProject.csproj", "{B18A023F-B869-4245-B571-AA197A046B5C}"
EndProject
Project("{FAE04EC0-301F-11D3-BF4B-00C04F79EFBC}") = "PorductManagementUnitTest", "..\PorductManagementUnitTest\PorductManagementUnitTest.csproj", "{D143D5F7-D04A-4745-B8D0-3106D0E7A7A9}"
EndProject
Global
	GlobalSection(SolutionConfigurationPlatforms) = preSolution
		Debug|Any CPU = Debug|Any CPU
		Release|Any CPU = Release|Any CPU
	EndGlobalSection
	GlobalSection(ProjectConfigurationPlatforms) = postSolution
		{B18A023F-B869-4245-B571-AA197A046B5C}.Debug|Any CPU.ActiveCfg = Debug|Any CPU
		{B18A023F-B869-4245-B571-AA197A046B5C}.Debug|Any CPU.Build.0 = Debug|Any CPU
		{B18A023F-B869-4245-B571-AA197A046B5C}.Release|Any CPU.ActiveCfg = Release|Any CPU
		{B18A023F-B869-4245-B571-AA197A046B5C}.Release|Any CPU.Build.0 = Release|Any CPU
		{D143D5F7-D04A-4745-B8D0-3106D0E7A7A9}.Debug|Any CPU.ActiveCfg = Debug|Any CPU
		{D143D5F7-D04A-4745-B8D0-3106D0E7A7A9}.Debug|Any CPU.Build.0 = Debug|Any CPU
		{D143D5F7-D04A-4745-B8D0-3106D0E7A7A9}.Release|Any CPU.ActiveCfg = Release|Any CPU
		{D143D5F7-D04A-4745-B8D0-3106D0E7A7A9}.Release|Any CPU.Build.0 = Release|Any CPU
	EndGlobalSection
	GlobalSection(SolutionProperties) = preSolution
		HideSolutionNode = FALSE
	EndGlobalSection
	GlobalSection(ExtensibilityGlobals) = postSolution
		SolutionGuid = {39CA6E52-0FDF-4ABB-A789-74F53A29FBCC}
	EndGlobalSection
EndGlobal
